{
  "nodes": {
    "home-manager": {
      "inputs": {
        "nixpkgs": [
          "nixpkgs"
        ]
      },
      "locked": {
        "lastModified": 1742926508,
        "narHash": "sha256-wgfY302ZaOsBCXb8aZDTG3Zt2kg3jDDaRrmtUw8nz00=",
        "type": "tarball",
        "url": "https://github.com/nix-community/home-manager/archive/master.tar.gz"
      },
      "original": {
        "type": "tarball",
        "url": "https://github.com/nix-community/home-manager/archive/master.tar.gz"
      }
    },
    "nixpkgs": {
      "locked": {
        "lastModified": 1742669843,
        "narHash": "sha256-G5n+FOXLXcRx+3hCJ6Rt6ZQyF1zqQ0DL0sWAMn2Nk0w=",
        "owner": "NixOS",
        "repo": "nixpkgs",
        "rev": "1e5b653dff12029333a6546c11e108ede13052eb",
        "type": "github"
      },
      "original": {
        "owner": "NixOS",
        "ref": "nixos-unstable",
        "repo": "nixpkgs",
        "type": "github"
      }
    },
    "root": {
      "inputs": {
        "home-manager": "home-manager",
        "nixpkgs": "nixpkgs"
      }
    }
  },
  "root": "root",
  "version": 7
}
